# Reproducible CI toolchain; runtime remains bounded in requirements.txt.
PyYAML==6.0.3
jsonschema==4.26.0
defusedxml==0.7.1
pytest==9.0.3
hypothesis==6.157.2
coverage==7.15.2
pytest-cov==7.1.0
ruff==0.15.22
mypy==1.20.2
bandit==1.9.4
pip-audit==2.10.1
build==1.5.0
mkdocs==1.6.1
types-PyYAML==6.0.12.20260518
types-jsonschema==4.26.0.20260518
